
Microsoft Visual Studio Solution File, Format Version 12.00
# Visual Studio Version 16
VisualStudioVersion = 16.0.29905.134
MinimumVisualStudioVersion = 10.0.40219.1
Project("{FAE04EC0-301F-11D3-BF4B-00C04F79EFBC}") = "Football2", "Football2\Football2.csproj", "{48928CE4-B9A9-4CB1-8762-199BE2E9EC93}"
EndProject
Global
	GlobalSection(SolutionConfigurationPlatforms) = preSolution
		Debug|Any CPU = Debug|Any CPU
		Release|Any CPU = Release|Any CPU
	EndGlobalSection
	GlobalSection(ProjectConfigurationPlatforms) = postSolution
		{48928CE4-B9A9-4CB1-8762-199BE2E9EC93}.Debug|Any CPU.ActiveCfg = Debug|Any CPU
		{48928CE4-B9A9-4CB1-8762-199BE2E9EC93}.Debug|Any CPU.Build.0 = Debug|Any CPU
		{48928CE4-B9A9-4CB1-8762-199BE2E9EC93}.Release|Any CPU.ActiveCfg = Release|Any CPU
		{48928CE4-B9A9-4CB1-8762-199BE2E9EC93}.Release|Any CPU.Build.0 = Release|Any CPU
	EndGlobalSection
	GlobalSection(SolutionProperties) = preSolution
		HideSolutionNode = FALSE
	EndGlobalSection
	GlobalSection(ExtensibilityGlobals) = postSolution
		SolutionGuid = {67B8278F-7883-4F2B-A444-CC0DB5B42BBF}
	EndGlobalSection
EndGlobal
